
Microsoft Visual Studio Solution File, Format Version 12.00
# Visual Studio 15
VisualStudioVersion = 15.0.28307.136
MinimumVisualStudioVersion = 10.0.40219.1
Project("{FAE04EC0-301F-11D3-BF4B-00C04F79EFBC}") = "DeployTest", "DeployTest\DeployTest.csproj", "{86A241F6-81E8-42D5-8D71-CBD75C1BF125}"
EndProject
Global
	GlobalSection(SolutionConfigurationPlatforms) = preSolution
		Debug|Any CPU = Debug|Any CPU
		Release|Any CPU = Release|Any CPU
	EndGlobalSection
	GlobalSection(ProjectConfigurationPlatforms) = postSolution
		{86A241F6-81E8-42D5-8D71-CBD75C1BF125}.Debug|Any CPU.ActiveCfg = Debug|Any CPU
		{86A241F6-81E8-42D5-8D71-CBD75C1BF125}.Debug|Any CPU.Build.0 = Debug|Any CPU
		{86A241F6-81E8-42D5-8D71-CBD75C1BF125}.Release|Any CPU.ActiveCfg = Release|Any CPU
		{86A241F6-81E8-42D5-8D71-CBD75C1BF125}.Release|Any CPU.Build.0 = Release|Any CPU
	EndGlobalSection
	GlobalSection(SolutionProperties) = preSolution
		HideSolutionNode = FALSE
	EndGlobalSection
	GlobalSection(ExtensibilityGlobals) = postSolution
		SolutionGuid = {CC9677E3-9678-4FF8-A870-75A98AE95E10}
	EndGlobalSection
EndGlobal
